
Microsoft Visual Studio Solution File, Format Version 12.00
# Visual Studio Version 17
VisualStudioVersion = 17.9.34622.214
MinimumVisualStudioVersion = 10.0.40219.1
Project("{9A19103F-16F7-4668-BE54-9A1E7A4F7556}") = "ForgeMenuChoice", "ForgeMenuChoice\ForgeMenuChoice.csproj", "{D081DD24-D615-4FAE-B856-11AB0A4D6D9C}"
EndProject
Global
	GlobalSection(SolutionConfigurationPlatforms) = preSolution
		Debug|Any CPU = Debug|Any CPU
		Release|Any CPU = Release|Any CPU
	EndGlobalSection
	GlobalSection(ProjectConfigurationPlatforms) = postSolution
		{D081DD24-D615-4FAE-B856-11AB0A4D6D9C}.Debug|Any CPU.ActiveCfg = Debug|Any CPU
		{D081DD24-D615-4FAE-B856-11AB0A4D6D9C}.Debug|Any CPU.Build.0 = Debug|Any CPU
		{D081DD24-D615-4FAE-B856-11AB0A4D6D9C}.Release|Any CPU.ActiveCfg = Release|Any CPU
		{D081DD24-D615-4FAE-B856-11AB0A4D6D9C}.Release|Any CPU.Build.0 = Release|Any CPU
	EndGlobalSection
	GlobalSection(SolutionProperties) = preSolution
		HideSolutionNode = FALSE
	EndGlobalSection
	GlobalSection(ExtensibilityGlobals) = postSolution
		SolutionGuid = {74855BE2-5CD6-4F6C-9438-848C92FF864F}
	EndGlobalSection
EndGlobal
